
Microsoft Visual Studio Solution File, Format Version 12.00
# Visual Studio Version 16
VisualStudioVersion = 16.0.30621.155
MinimumVisualStudioVersion = 10.0.40219.1
Project("{FAE04EC0-301F-11D3-BF4B-00C04F79EFBC}") = "Capstone", "Capstone\Capstone.csproj", "{DD47C4D6-941B-442C-A14E-9D4EA07C2912}"
EndProject
Global
	GlobalSection(SolutionConfigurationPlatforms) = preSolution
		Debug|Any CPU = Debug|Any CPU
		Release|Any CPU = Release|Any CPU
	EndGlobalSection
	GlobalSection(ProjectConfigurationPlatforms) = postSolution
		{DD47C4D6-941B-442C-A14E-9D4EA07C2912}.Debug|Any CPU.ActiveCfg = Debug|Any CPU
		{DD47C4D6-941B-442C-A14E-9D4EA07C2912}.Debug|Any CPU.Build.0 = Debug|Any CPU
		{DD47C4D6-941B-442C-A14E-9D4EA07C2912}.Release|Any CPU.ActiveCfg = Release|Any CPU
		{DD47C4D6-941B-442C-A14E-9D4EA07C2912}.Release|Any CPU.Build.0 = Release|Any CPU
	EndGlobalSection
	GlobalSection(SolutionProperties) = preSolution
		HideSolutionNode = FALSE
	EndGlobalSection
	GlobalSection(ExtensibilityGlobals) = postSolution
		SolutionGuid = {A1FE80E6-AC61-4D1B-96D7-5FE784584BCA}
	EndGlobalSection
EndGlobal
